
Microsoft Visual Studio Solution File, Format Version 12.00
# Visual Studio Version 16
VisualStudioVersion = 16.0.31112.23
MinimumVisualStudioVersion = 10.0.40219.1
Project("{FAE04EC0-301F-11D3-BF4B-00C04F79EFBC}") = "EventPlanner", "EventPlanner\EventPlanner.csproj", "{9283BF25-7A02-4403-BDE4-489C985DDDEC}"
EndProject
Global
	GlobalSection(SolutionConfigurationPlatforms) = preSolution
		Debug|Any CPU = Debug|Any CPU
		Release|Any CPU = Release|Any CPU
	EndGlobalSection
	GlobalSection(ProjectConfigurationPlatforms) = postSolution
		{9283BF25-7A02-4403-BDE4-489C985DDDEC}.Debug|Any CPU.ActiveCfg = Debug|Any CPU
		{9283BF25-7A02-4403-BDE4-489C985DDDEC}.Debug|Any CPU.Build.0 = Debug|Any CPU
		{9283BF25-7A02-4403-BDE4-489C985DDDEC}.Release|Any CPU.ActiveCfg = Release|Any CPU
		{9283BF25-7A02-4403-BDE4-489C985DDDEC}.Release|Any CPU.Build.0 = Release|Any CPU
	EndGlobalSection
	GlobalSection(SolutionProperties) = preSolution
		HideSolutionNode = FALSE
	EndGlobalSection
	GlobalSection(ExtensibilityGlobals) = postSolution
		SolutionGuid = {BC76A9DD-1586-4BAD-9C8C-2056751B7D07}
	EndGlobalSection
EndGlobal
