
Microsoft Visual Studio Solution File, Format Version 12.00
# Visual Studio Version 16
VisualStudioVersion = 16.0.31112.23
MinimumVisualStudioVersion = 10.0.40219.1
Project("{FAE04EC0-301F-11D3-BF4B-00C04F79EFBC}") = "ClassWork", "ClassWork.csproj", "{00C66261-0FF7-42F1-9F9C-F3588F0364CB}"
EndProject
Global
	GlobalSection(SolutionConfigurationPlatforms) = preSolution
		Debug|Any CPU = Debug|Any CPU
		Release|Any CPU = Release|Any CPU
	EndGlobalSection
	GlobalSection(ProjectConfigurationPlatforms) = postSolution
		{00C66261-0FF7-42F1-9F9C-F3588F0364CB}.Debug|Any CPU.ActiveCfg = Debug|Any CPU
		{00C66261-0FF7-42F1-9F9C-F3588F0364CB}.Debug|Any CPU.Build.0 = Debug|Any CPU
		{00C66261-0FF7-42F1-9F9C-F3588F0364CB}.Release|Any CPU.ActiveCfg = Release|Any CPU
		{00C66261-0FF7-42F1-9F9C-F3588F0364CB}.Release|Any CPU.Build.0 = Release|Any CPU
	EndGlobalSection
	GlobalSection(SolutionProperties) = preSolution
		HideSolutionNode = FALSE
	EndGlobalSection
	GlobalSection(ExtensibilityGlobals) = postSolution
		SolutionGuid = {53B66D08-46E3-49CF-B0F8-B9191A4CBB22}
	EndGlobalSection
EndGlobal
