
Microsoft Visual Studio Solution File, Format Version 12.00
# Visual Studio Version 16
VisualStudioVersion = 16.0.31112.23
MinimumVisualStudioVersion = 10.0.40219.1
Project("{FAE04EC0-301F-11D3-BF4B-00C04F79EFBC}") = "WF1.3", "WF1.3.csproj", "{980E6FB0-5C3D-47B1-9FB1-886957F533DA}"
EndProject
Global
	GlobalSection(SolutionConfigurationPlatforms) = preSolution
		Debug|Any CPU = Debug|Any CPU
		Release|Any CPU = Release|Any CPU
	EndGlobalSection
	GlobalSection(ProjectConfigurationPlatforms) = postSolution
		{980E6FB0-5C3D-47B1-9FB1-886957F533DA}.Debug|Any CPU.ActiveCfg = Debug|Any CPU
		{980E6FB0-5C3D-47B1-9FB1-886957F533DA}.Debug|Any CPU.Build.0 = Debug|Any CPU
		{980E6FB0-5C3D-47B1-9FB1-886957F533DA}.Release|Any CPU.ActiveCfg = Release|Any CPU
		{980E6FB0-5C3D-47B1-9FB1-886957F533DA}.Release|Any CPU.Build.0 = Release|Any CPU
	EndGlobalSection
	GlobalSection(SolutionProperties) = preSolution
		HideSolutionNode = FALSE
	EndGlobalSection
	GlobalSection(ExtensibilityGlobals) = postSolution
		SolutionGuid = {D6037ABF-5507-4347-B100-86D1359DFB80}
	EndGlobalSection
EndGlobal
