
Microsoft Visual Studio Solution File, Format Version 12.00
# Visual Studio Version 16
VisualStudioVersion = 16.0.31112.23
MinimumVisualStudioVersion = 10.0.40219.1
Project("{FAE04EC0-301F-11D3-BF4B-00C04F79EFBC}") = "WF1.2", "WF1.2.csproj", "{C5E4C42B-7343-4C0C-8E13-8A35120447DA}"
EndProject
Global
	GlobalSection(SolutionConfigurationPlatforms) = preSolution
		Debug|Any CPU = Debug|Any CPU
		Release|Any CPU = Release|Any CPU
	EndGlobalSection
	GlobalSection(ProjectConfigurationPlatforms) = postSolution
		{C5E4C42B-7343-4C0C-8E13-8A35120447DA}.Debug|Any CPU.ActiveCfg = Debug|Any CPU
		{C5E4C42B-7343-4C0C-8E13-8A35120447DA}.Debug|Any CPU.Build.0 = Debug|Any CPU
		{C5E4C42B-7343-4C0C-8E13-8A35120447DA}.Release|Any CPU.ActiveCfg = Release|Any CPU
		{C5E4C42B-7343-4C0C-8E13-8A35120447DA}.Release|Any CPU.Build.0 = Release|Any CPU
	EndGlobalSection
	GlobalSection(SolutionProperties) = preSolution
		HideSolutionNode = FALSE
	EndGlobalSection
	GlobalSection(ExtensibilityGlobals) = postSolution
		SolutionGuid = {0F303ACE-7FED-4C1B-AFD7-CFD33FAE83E7}
	EndGlobalSection
EndGlobal
